
Microsoft Visual Studio Solution File, Format Version 12.00
# Visual Studio Version 16
VisualStudioVersion = 16.0.29920.165
MinimumVisualStudioVersion = 10.0.40219.1
Project("{FAE04EC0-301F-11D3-BF4B-00C04F79EFBC}") = "AC Cheat", "AC Cheat\AC Cheat.csproj", "{BE78A914-6DE9-490C-8EB2-788D5B98AE49}"
EndProject
Global
	GlobalSection(SolutionConfigurationPlatforms) = preSolution
		Debug|Any CPU = Debug|Any CPU
		Release|Any CPU = Release|Any CPU
	EndGlobalSection
	GlobalSection(ProjectConfigurationPlatforms) = postSolution
		{BE78A914-6DE9-490C-8EB2-788D5B98AE49}.Debug|Any CPU.ActiveCfg = Debug|Any CPU
		{BE78A914-6DE9-490C-8EB2-788D5B98AE49}.Debug|Any CPU.Build.0 = Debug|Any CPU
		{BE78A914-6DE9-490C-8EB2-788D5B98AE49}.Release|Any CPU.ActiveCfg = Release|Any CPU
		{BE78A914-6DE9-490C-8EB2-788D5B98AE49}.Release|Any CPU.Build.0 = Release|Any CPU
	EndGlobalSection
	GlobalSection(SolutionProperties) = preSolution
		HideSolutionNode = FALSE
	EndGlobalSection
	GlobalSection(ExtensibilityGlobals) = postSolution
		SolutionGuid = {104E9571-4A8E-4C96-AFE4-B6FA147AF84A}
	EndGlobalSection
EndGlobal
